
Microsoft Visual Studio Solution File, Format Version 12.00
# Visual Studio Version 17
VisualStudioVersion = 17.3.32922.545
MinimumVisualStudioVersion = 10.0.40219.1
Project("{FAE04EC0-301F-11D3-BF4B-00C04F79EFBC}") = "OnlineActivity", "OnlineActivity\OnlineActivity.csproj", "{253D2744-BEFB-4E04-A613-0F98ABAC88F8}"
EndProject
Project("{FAE04EC0-301F-11D3-BF4B-00C04F79EFBC}") = "Entities", "Entities\Entities.csproj", "{73D4ABFA-8491-4811-A6FA-F86A64196474}"
EndProject
Project("{FAE04EC0-301F-11D3-BF4B-00C04F79EFBC}") = "DataAccess", "DataAccess\DataAccess.csproj", "{087B39AB-B1C5-4B32-AF6D-8D16C073F141}"
EndProject
Project("{FAE04EC0-301F-11D3-BF4B-00C04F79EFBC}") = "Business", "Business\Business.csproj", "{18F564ED-AA91-4355-B5C1-F345D6141617}"
EndProject
Project("{FAE04EC0-301F-11D3-BF4B-00C04F79EFBC}") = "Core", "Core\Core.csproj", "{B7624DC3-410B-4DC4-A302-3A9DE777CE49}"
EndProject
Global
	GlobalSection(SolutionConfigurationPlatforms) = preSolution
		Debug|Any CPU = Debug|Any CPU
		Release|Any CPU = Release|Any CPU
	EndGlobalSection
	GlobalSection(ProjectConfigurationPlatforms) = postSolution
		{253D2744-BEFB-4E04-A613-0F98ABAC88F8}.Debug|Any CPU.ActiveCfg = Debug|Any CPU
		{253D2744-BEFB-4E04-A613-0F98ABAC88F8}.Debug|Any CPU.Build.0 = Debug|Any CPU
		{253D2744-BEFB-4E04-A613-0F98ABAC88F8}.Release|Any CPU.ActiveCfg = Release|Any CPU
		{253D2744-BEFB-4E04-A613-0F98ABAC88F8}.Release|Any CPU.Build.0 = Release|Any CPU
		{73D4ABFA-8491-4811-A6FA-F86A64196474}.Debug|Any CPU.ActiveCfg = Debug|Any CPU
		{73D4ABFA-8491-4811-A6FA-F86A64196474}.Debug|Any CPU.Build.0 = Debug|Any CPU
		{73D4ABFA-8491-4811-A6FA-F86A64196474}.Release|Any CPU.ActiveCfg = Release|Any CPU
		{73D4ABFA-8491-4811-A6FA-F86A64196474}.Release|Any CPU.Build.0 = Release|Any CPU
		{087B39AB-B1C5-4B32-AF6D-8D16C073F141}.Debug|Any CPU.ActiveCfg = Debug|Any CPU
		{087B39AB-B1C5-4B32-AF6D-8D16C073F141}.Debug|Any CPU.Build.0 = Debug|Any CPU
		{087B39AB-B1C5-4B32-AF6D-8D16C073F141}.Release|Any CPU.ActiveCfg = Release|Any CPU
		{087B39AB-B1C5-4B32-AF6D-8D16C073F141}.Release|Any CPU.Build.0 = Release|Any CPU
		{18F564ED-AA91-4355-B5C1-F345D6141617}.Debug|Any CPU.ActiveCfg = Debug|Any CPU
		{18F564ED-AA91-4355-B5C1-F345D6141617}.Debug|Any CPU.Build.0 = Debug|Any CPU
		{18F564ED-AA91-4355-B5C1-F345D6141617}.Release|Any CPU.ActiveCfg = Release|Any CPU
		{18F564ED-AA91-4355-B5C1-F345D6141617}.Release|Any CPU.Build.0 = Release|Any CPU
		{B7624DC3-410B-4DC4-A302-3A9DE777CE49}.Debug|Any CPU.ActiveCfg = Debug|Any CPU
		{B7624DC3-410B-4DC4-A302-3A9DE777CE49}.Debug|Any CPU.Build.0 = Debug|Any CPU
		{B7624DC3-410B-4DC4-A302-3A9DE777CE49}.Release|Any CPU.ActiveCfg = Release|Any CPU
		{B7624DC3-410B-4DC4-A302-3A9DE777CE49}.Release|Any CPU.Build.0 = Release|Any CPU
	EndGlobalSection
	GlobalSection(SolutionProperties) = preSolution
		HideSolutionNode = FALSE
	EndGlobalSection
	GlobalSection(ExtensibilityGlobals) = postSolution
		SolutionGuid = {38D87B1D-3520-4367-AEB1-0B52E2B9BAF6}
	EndGlobalSection
EndGlobal
